
Microsoft Visual Studio Solution File, Format Version 12.00
# Visual Studio Version 17
VisualStudioVersion = 17.14.36414.22 d17.14
MinimumVisualStudioVersion = 10.0.40219.1
Project("{FAE04EC0-301F-11D3-BF4B-00C04F79EFBC}") = "Doubly Linked List", "Doubly Linked List.csproj", "{5F405454-62DA-44CF-A022-8F19346483CE}"
EndProject
Global
	GlobalSection(SolutionConfigurationPlatforms) = preSolution
		Debug|Any CPU = Debug|Any CPU
		Release|Any CPU = Release|Any CPU
	EndGlobalSection
	GlobalSection(ProjectConfigurationPlatforms) = postSolution
		{5F405454-62DA-44CF-A022-8F19346483CE}.Debug|Any CPU.ActiveCfg = Debug|Any CPU
		{5F405454-62DA-44CF-A022-8F19346483CE}.Debug|Any CPU.Build.0 = Debug|Any CPU
		{5F405454-62DA-44CF-A022-8F19346483CE}.Release|Any CPU.ActiveCfg = Release|Any CPU
		{5F405454-62DA-44CF-A022-8F19346483CE}.Release|Any CPU.Build.0 = Release|Any CPU
	EndGlobalSection
	GlobalSection(SolutionProperties) = preSolution
		HideSolutionNode = FALSE
	EndGlobalSection
	GlobalSection(ExtensibilityGlobals) = postSolution
		SolutionGuid = {F171F237-EAC2-4643-AB21-9089E42C9C12}
	EndGlobalSection
EndGlobal
