
Microsoft Visual Studio Solution File, Format Version 12.00
# Visual Studio Version 17
VisualStudioVersion = 17.14.36414.22 d17.14
MinimumVisualStudioVersion = 10.0.40219.1
Project("{FAE04EC0-301F-11D3-BF4B-00C04F79EFBC}") = "Insertion Sort", "Insertion Sort.csproj", "{B45FD8AA-34E2-4834-B290-A6827DCAE15E}"
EndProject
Global
	GlobalSection(SolutionConfigurationPlatforms) = preSolution
		Debug|Any CPU = Debug|Any CPU
		Release|Any CPU = Release|Any CPU
	EndGlobalSection
	GlobalSection(ProjectConfigurationPlatforms) = postSolution
		{B45FD8AA-34E2-4834-B290-A6827DCAE15E}.Debug|Any CPU.ActiveCfg = Debug|Any CPU
		{B45FD8AA-34E2-4834-B290-A6827DCAE15E}.Debug|Any CPU.Build.0 = Debug|Any CPU
		{B45FD8AA-34E2-4834-B290-A6827DCAE15E}.Release|Any CPU.ActiveCfg = Release|Any CPU
		{B45FD8AA-34E2-4834-B290-A6827DCAE15E}.Release|Any CPU.Build.0 = Release|Any CPU
	EndGlobalSection
	GlobalSection(SolutionProperties) = preSolution
		HideSolutionNode = FALSE
	EndGlobalSection
	GlobalSection(ExtensibilityGlobals) = postSolution
		SolutionGuid = {DDC09476-F46C-4E6E-9649-9B0AB72A4D0C}
	EndGlobalSection
EndGlobal
