
Microsoft Visual Studio Solution File, Format Version 12.00
# Visual Studio Version 17
VisualStudioVersion = 17.14.36623.8 d17.14
MinimumVisualStudioVersion = 10.0.40219.1
Project("{FAE04EC0-301F-11D3-BF4B-00C04F79EFBC}") = "QuesWIthArays", "QuesWIthArays.csproj", "{B2C12146-B1D4-45E8-9702-7813678BC87A}"
EndProject
Global
	GlobalSection(SolutionConfigurationPlatforms) = preSolution
		Debug|Any CPU = Debug|Any CPU
		Release|Any CPU = Release|Any CPU
	EndGlobalSection
	GlobalSection(ProjectConfigurationPlatforms) = postSolution
		{B2C12146-B1D4-45E8-9702-7813678BC87A}.Debug|Any CPU.ActiveCfg = Debug|Any CPU
		{B2C12146-B1D4-45E8-9702-7813678BC87A}.Debug|Any CPU.Build.0 = Debug|Any CPU
		{B2C12146-B1D4-45E8-9702-7813678BC87A}.Release|Any CPU.ActiveCfg = Release|Any CPU
		{B2C12146-B1D4-45E8-9702-7813678BC87A}.Release|Any CPU.Build.0 = Release|Any CPU
	EndGlobalSection
	GlobalSection(SolutionProperties) = preSolution
		HideSolutionNode = FALSE
	EndGlobalSection
	GlobalSection(ExtensibilityGlobals) = postSolution
		SolutionGuid = {958D2BAB-17F3-4827-B690-61A23E626BCF}
	EndGlobalSection
EndGlobal
