
Microsoft Visual Studio Solution File, Format Version 12.00
# Visual Studio Version 17
VisualStudioVersion = 17.14.36414.22 d17.14
MinimumVisualStudioVersion = 10.0.40219.1
Project("{FAE04EC0-301F-11D3-BF4B-00C04F79EFBC}") = "linkedList", "linkedList.csproj", "{9E165299-5116-4D9D-8D9B-A077A54F93C2}"
EndProject
Global
	GlobalSection(SolutionConfigurationPlatforms) = preSolution
		Debug|Any CPU = Debug|Any CPU
		Release|Any CPU = Release|Any CPU
	EndGlobalSection
	GlobalSection(ProjectConfigurationPlatforms) = postSolution
		{9E165299-5116-4D9D-8D9B-A077A54F93C2}.Debug|Any CPU.ActiveCfg = Debug|Any CPU
		{9E165299-5116-4D9D-8D9B-A077A54F93C2}.Debug|Any CPU.Build.0 = Debug|Any CPU
		{9E165299-5116-4D9D-8D9B-A077A54F93C2}.Release|Any CPU.ActiveCfg = Release|Any CPU
		{9E165299-5116-4D9D-8D9B-A077A54F93C2}.Release|Any CPU.Build.0 = Release|Any CPU
	EndGlobalSection
	GlobalSection(SolutionProperties) = preSolution
		HideSolutionNode = FALSE
	EndGlobalSection
	GlobalSection(ExtensibilityGlobals) = postSolution
		SolutionGuid = {DD82CFB6-848D-4422-A055-3E69AF3195B9}
	EndGlobalSection
EndGlobal
